{
  "version": 4,
  "terraform_version": "1.5.7",
  "serial": 14,
  "lineage": "c339456f-cf8d-d342-4c49-cb84a9dba4fb",
  "outputs": {
    "external_ipv4_address": {
      "value": "158.160.120.136",
      "type": "string"
    }
  },
  "resources": [
    {
      "mode": "managed",
      "type": "yandex_compute_disk",
      "name": "test",
      "provider": "provider[\"registry.terraform.io/yandex-cloud/yandex\"]",
      "instances": [
        {
          "schema_version": 0,
          "attributes": {
            "allow_recreate": null,
            "block_size": 4096,
            "created_at": "2024-03-04T17:56:16Z",
            "description": "",
            "disk_placement_policy": [
              {
                "disk_placement_group_id": ""
              }
            ],
            "folder_id": "b1g0eqv5v1h5mspqaag1",
            "id": "fhmeju7ecsmqqu4s6lol",
            "image_id": "fd8ba9d5mfvlncknt2kd",
            "labels": {
              "environment": "netology"
            },
            "name": "test",
            "product_ids": [
              "f2esogi2vuuuj6uia832"
            ],
            "size": 150,
            "snapshot_id": "",
            "status": "ready",
            "timeouts": null,
            "type": "network-hdd",
            "zone": "ru-central1-a"
          },
          "sensitive_attributes": [],
          "private": "eyJlMmJmYjczMC1lY2FhLTExZTYtOGY4OC0zNDM2M2JjN2M0YzAiOnsiY3JlYXRlIjozMDAwMDAwMDAwMDAsImRlbGV0ZSI6MzAwMDAwMDAwMDAwLCJ1cGRhdGUiOjMwMDAwMDAwMDAwMH19"
        }
      ]
    },
    {
      "mode": "managed",
      "type": "yandex_compute_instance",
      "name": "test",
      "provider": "provider[\"registry.terraform.io/yandex-cloud/yandex\"]",
      "instances": [
        {
          "schema_version": 1,
          "attributes": {
            "allow_recreate": null,
            "allow_stopping_for_update": null,
            "boot_disk": [
              {
                "auto_delete": true,
                "device_name": "fhmeju7ecsmqqu4s6lol",
                "disk_id": "fhmeju7ecsmqqu4s6lol",
                "initialize_params": [
                  {
                    "block_size": 4096,
                    "description": "",
                    "image_id": "fd8ba9d5mfvlncknt2kd",
                    "name": "test",
                    "size": 150,
                    "snapshot_id": "",
                    "type": "network-hdd"
                  }
                ],
                "mode": "READ_WRITE"
              }
            ],
            "created_at": "2024-03-04T17:56:22Z",
            "description": "",
            "filesystem": [],
            "folder_id": "b1g0eqv5v1h5mspqaag1",
            "fqdn": "fhmjk2k866kus5am97hs.auto.internal",
            "gpu_cluster_id": "",
            "hostname": "",
            "id": "fhmjk2k866kus5am97hs",
            "labels": null,
            "local_disk": [],
            "maintenance_grace_period": "",
            "maintenance_policy": null,
            "metadata": {
              "user-data": "#cloud-config\ngroups:\n  - admingroup: [root,sys]\n  - cloud-users\n\nusers:\n  - default\n  - name: qubiq\n    groups: users\n    sudo: ALL=(ALL) NOPASSWD:ALL\n    shell: /bin/bash\n    ssh_authorized_keys:\n      - ssh-rsa AAAAB3NzaC1yc2EAAAADAQABAAABgQC+VYyXU/D0AhxOxRcXhGfUr2FiKX5p7jGQFDboSWYBMG4doTG9X44G7D+CAzQ9ovnv1BxeddzAolKn/PCnIIYTgaMIJV/nR1nj+S8cXWo/PomWSi8/haEXOPeGrioxGspTJuXyEV5r5G0Xtzwu4iZKHH2bKbExJrIlw6lokuxA2obtOqeas/4gv9Qk5fPQXbl5OjCKq5VjJf3Etueh7WLsTcDP0RTxqB9oIz2K0zG1iYHSrDvKXwq5xeO6bJj52DaNjBs+0LghvFl6zZ2MwyTEPOm+Ec2tX1cszbgrDkWmV44dzFqmJ8LD7woq11DkieDmnctebiY+H08OSh65UqOXOZ9I1m1a3gU3IKTtSuV+ITOalIIWreCKeC8In+WBGUjtb43YsBokOH/qY6u4WT7Am0n5kM1NRgu30nogOk6YZ6DW3qpXOb4HYjqETtZbJkwxX0k4D7HIXdsAhTZyCzOmhMocpVXNWpx9nRccqcGS7QrJ7OELoXBBwOEQfp9rON8= v.mordovin@macbook-LLKF269LR9\n  - name: g.oganesyan\n    groups: users\n    sudo: ALL=(ALL) NOPASSWD:ALL\n    shell: /bin/bash\n    ssh_authorized_keys:\n      - ssh-rsa AAAAB3NzaC1yc2EAAAADAQABAAABAQCkzSpQKYDBB72EWqNTBBi80aVG5wAJex9wQPKMyKrzqiV85/wGgvjsF5OvmIeIgfJdqlwJbdg1tCgH7ncurKw036oWh2XAckXjqBQryrwfsKBL66i3bphdfyApXNSSI+1uE9695FTOGIDx4pxEVXw8Ywn1aEpauQ2mrS7VLr3UTxCpcU5shDd+Qtd9T/yMwkBgAgmr7ugi64Mw9JJxeBLDT8uwL6mSVoUx6G2ojP9MukgT7nGb3c8eB0eahh/Az3/OR24dwDDhK1ixECoG/yFwV1Gk9B8vyKPcpFqMlD3qlCKyO1tQF78DK6scKxzDePRrD/myKCCLBcW4pEMxFXHx rsa-key-teraform\n"
            },
            "metadata_options": [
              {
                "aws_v1_http_endpoint": 1,
                "aws_v1_http_token": 2,
                "gce_http_endpoint": 1,
                "gce_http_token": 1
              }
            ],
            "name": "test",
            "network_acceleration_type": "standard",
            "network_interface": [
              {
                "dns_record": [],
                "index": 0,
                "ip_address": "10.128.0.3",
                "ipv4": true,
                "ipv6": false,
                "ipv6_address": "",
                "ipv6_dns_record": [],
                "mac_address": "d0:0d:13:a0:a8:83",
                "nat": true,
                "nat_dns_record": [],
                "nat_ip_address": "158.160.120.136",
                "nat_ip_version": "IPV4",
                "security_group_ids": [],
                "subnet_id": "e9b1tfv7q6ul6e1ful7j"
              }
            ],
            "placement_policy": [
              {
                "host_affinity_rules": [],
                "placement_group_id": "",
                "placement_group_partition": 0
              }
            ],
            "platform_id": "standard-v1",
            "resources": [
              {
                "core_fraction": 100,
                "cores": 2,
                "gpus": 0,
                "memory": 2
              }
            ],
            "scheduling_policy": [
              {
                "preemptible": false
              }
            ],
            "secondary_disk": [],
            "service_account_id": "",
            "status": "running",
            "timeouts": null,
            "zone": "ru-central1-a"
          },
          "sensitive_attributes": [],
          "private": "eyJlMmJmYjczMC1lY2FhLTExZTYtOGY4OC0zNDM2M2JjN2M0YzAiOnsiY3JlYXRlIjozMDAwMDAwMDAwMDAsImRlbGV0ZSI6MzAwMDAwMDAwMDAwLCJ1cGRhdGUiOjMwMDAwMDAwMDAwMH0sInNjaGVtYV92ZXJzaW9uIjoiMSJ9",
          "dependencies": [
            "yandex_compute_disk.test",
            "yandex_vpc_address.addr"
          ]
        }
      ]
    },
    {
      "mode": "managed",
      "type": "yandex_vpc_address",
      "name": "addr",
      "provider": "provider[\"registry.terraform.io/yandex-cloud/yandex\"]",
      "instances": [
        {
          "schema_version": 0,
          "attributes": {
            "created_at": "2024-03-04T17:56:16Z",
            "deletion_protection": false,
            "description": "",
            "external_ipv4_address": [
              {
                "address": "158.160.120.136",
                "ddos_protection_provider": "",
                "outgoing_smtp_capability": "",
                "zone_id": "ru-central1-a"
              }
            ],
            "folder_id": "b1g0eqv5v1h5mspqaag1",
            "id": "e9bdp0368jo74km2k7hr",
            "labels": {},
            "name": "external-ip-vm",
            "reserved": true,
            "timeouts": null,
            "used": false
          },
          "sensitive_attributes": [],
          "private": "eyJlMmJmYjczMC1lY2FhLTExZTYtOGY4OC0zNDM2M2JjN2M0YzAiOnsiY3JlYXRlIjozMDAwMDAwMDAwMCwiZGVsZXRlIjozMDAwMDAwMDAwMCwidXBkYXRlIjozMDAwMDAwMDAwMH19"
        }
      ]
    }
  ],
  "check_results": null
}
